
Microsoft Visual Studio Solution File, Format Version 12.00
# Visual Studio Version 16
VisualStudioVersion = 16.0.30114.105
MinimumVisualStudioVersion = 10.0.40219.1
Project("{FAE04EC0-301F-11D3-BF4B-00C04F79EFBC}") = "OJT-Project", "OJT-Project.csproj", "{9674D13A-537C-4644-9F5B-7368E91F5F89}"
EndProject
Project("{54435603-DBB4-11D2-8724-00A0C9A8B90C}") = "Log System Installer", "..\Log System Installer\Log System Installer.vdproj", "{905B9B7F-407F-41D9-9D9E-A406709DB8D9}"
EndProject
Global
	GlobalSection(SolutionConfigurationPlatforms) = preSolution
		Debug|Any CPU = Debug|Any CPU
		Release|Any CPU = Release|Any CPU
	EndGlobalSection
	GlobalSection(ProjectConfigurationPlatforms) = postSolution
		{9674D13A-537C-4644-9F5B-7368E91F5F89}.Debug|Any CPU.ActiveCfg = Release|Any CPU
		{9674D13A-537C-4644-9F5B-7368E91F5F89}.Debug|Any CPU.Build.0 = Release|Any CPU
		{9674D13A-537C-4644-9F5B-7368E91F5F89}.Release|Any CPU.ActiveCfg = Release|Any CPU
		{9674D13A-537C-4644-9F5B-7368E91F5F89}.Release|Any CPU.Build.0 = Release|Any CPU
		{905B9B7F-407F-41D9-9D9E-A406709DB8D9}.Debug|Any CPU.ActiveCfg = Release
		{905B9B7F-407F-41D9-9D9E-A406709DB8D9}.Release|Any CPU.ActiveCfg = Release
	EndGlobalSection
	GlobalSection(SolutionProperties) = preSolution
		HideSolutionNode = FALSE
	EndGlobalSection
	GlobalSection(ExtensibilityGlobals) = postSolution
		SolutionGuid = {1F29D890-9D88-4DBD-8181-D74547C151B1}
	EndGlobalSection
EndGlobal
